// !$*UTF8*$!
{
	archiveVersion = 1;
	classes = {
	};
	objectVersion = 46;
	objects = {

/* Begin PBXBuildFile section */
		009666290D0D4BF66203852B /* Pods_SocialMediaApp.framework in Frameworks */ = {isa = PBXBuildFile; fileRef = 1019181A15453E88B0F5450C /* Pods_SocialMediaApp.framework */; };
		BF6E08351DF243E800B62DD0 /* GoogleService-Info.plist in Resources */ = {isa = PBXBuildFile; fileRef = BF6E08341DF243E800B62DD0 /* GoogleService-Info.plist */; };
		BF8796841DF36E7900563245 /* ShadowView.swift in Sources */ = {isa = PBXBuildFile; fileRef = BF8796831DF36E7900563245 /* ShadowView.swift */; };
		BF8796861DF36EEA00563245 /* Constants.swift in Sources */ = {isa = PBXBuildFile; fileRef = BF8796851DF36EEA00563245 /* Constants.swift */; };
		BF8796881DF370FC00563245 /* RoundButton.swift in Sources */ = {isa = PBXBuildFile; fileRef = BF8796871DF370FC00563245 /* RoundButton.swift */; };
		BF87968A1DF372DC00563245 /* CustomField.swift in Sources */ = {isa = PBXBuildFile; fileRef = BF8796891DF372DC00563245 /* CustomField.swift */; };
		BF87968C1DF3745400563245 /* RoundedCornerButton.swift in Sources */ = {isa = PBXBuildFile; fileRef = BF87968B1DF3745400563245 /* RoundedCornerButton.swift */; };
		BFD9D86E1DF237220031D653 /* AppDelegate.swift in Sources */ = {isa = PBXBuildFile; fileRef = BFD9D86D1DF237220031D653 /* AppDelegate.swift */; };
		BFD9D8701DF237220031D653 /* SignInVC.swift in Sources */ = {isa = PBXBuildFile; fileRef = BFD9D86F1DF237220031D653 /* SignInVC.swift */; };
		BFD9D8731DF237220031D653 /* Main.storyboard in Resources */ = {isa = PBXBuildFile; fileRef = BFD9D8711DF237220031D653 /* Main.storyboard */; };
		BFD9D8751DF237220031D653 /* Assets.xcassets in Resources */ = {isa = PBXBuildFile; fileRef = BFD9D8741DF237220031D653 /* Assets.xcassets */; };
		BFD9D8781DF237220031D653 /* LaunchScreen.storyboard in Resources */ = {isa = PBXBuildFile; fileRef = BFD9D8761DF237220031D653 /* LaunchScreen.storyboard */; };
		BFD9D8831DF237220031D653 /* SocialMediaAppTests.swift in Sources */ = {isa = PBXBuildFile; fileRef = BFD9D8821DF237220031D653 /* SocialMediaAppTests.swift */; };
		BFD9D88E1DF237220031D653 /* SocialMediaAppUITests.swift in Sources */ = {isa = PBXBuildFile; fileRef = BFD9D88D1DF237220031D653 /* SocialMediaAppUITests.swift */; };
/* End PBXBuildFile section */

/* Begin PBXContainerItemProxy section */
		BFD9D87F1DF237220031D653 /* PBXContainerItemProxy */ = {
			isa = PBXContainerItemProxy;
			containerPortal = BFD9D8621DF237220031D653 /* Project object */;
			proxyType = 1;
			remoteGlobalIDString = BFD9D8691DF237220031D653;
			remoteInfo = SocialMediaApp;
		};
		BFD9D88A1DF237220031D653 /* PBXContainerItemProxy */ = {
			isa = PBXContainerItemProxy;
			containerPortal = BFD9D8621DF237220031D653 /* Project object */;
			proxyType = 1;
			remoteGlobalIDString = BFD9D8691DF237220031D653;
			remoteInfo = SocialMediaApp;
		};
/* End PBXContainerItemProxy section */

/* Begin PBXFileReference section */
		1019181A15453E88B0F5450C /* Pods_SocialMediaApp.framework */ = {isa = PBXFileReference; explicitFileType = wrapper.framework; includeInIndex = 0; path = Pods_SocialMediaApp.framework; sourceTree = BUILT_PRODUCTS_DIR; };
		2FD87DF6DF71B81BD0B54AD5 /* Pods-SocialMediaApp.debug.xcconfig */ = {isa = PBXFileReference; includeInIndex = 1; lastKnownFileType = text.xcconfig; name = "Pods-SocialMediaApp.debug.xcconfig"; path = "Pods/Target Support Files/Pods-SocialMediaApp/Pods-SocialMediaApp.debug.xcconfig"; sourceTree = "<group>"; };
		88FC9B3FAF5A22765899D7D1 /* Pods-SocialMediaApp.release.xcconfig */ = {isa = PBXFileReference; includeInIndex = 1; lastKnownFileType = text.xcconfig; name = "Pods-SocialMediaApp.release.xcconfig"; path = "Pods/Target Support Files/Pods-SocialMediaApp/Pods-SocialMediaApp.release.xcconfig"; sourceTree = "<group>"; };
		BF6E08341DF243E800B62DD0 /* GoogleService-Info.plist */ = {isa = PBXFileReference; fileEncoding = 4; lastKnownFileType = text.plist.xml; path = "GoogleService-Info.plist"; sourceTree = "<group>"; };
		BF8796831DF36E7900563245 /* ShadowView.swift */ = {isa = PBXFileReference; fileEncoding = 4; lastKnownFileType = sourcecode.swift; path = ShadowView.swift; sourceTree = "<group>"; };
		BF8796851DF36EEA00563245 /* Constants.swift */ = {isa = PBXFileReference; fileEncoding = 4; lastKnownFileType = sourcecode.swift; path = Constants.swift; sourceTree = "<group>"; };
		BF8796871DF370FC00563245 /* RoundButton.swift */ = {isa = PBXFileReference; fileEncoding = 4; lastKnownFileType = sourcecode.swift; path = RoundButton.swift; sourceTree = "<group>"; };
		BF8796891DF372DC00563245 /* CustomField.swift */ = {isa = PBXFileReference; fileEncoding = 4; lastKnownFileType = sourcecode.swift; path = CustomField.swift; sourceTree = "<group>"; };
		BF87968B1DF3745400563245 /* RoundedCornerButton.swift */ = {isa = PBXFileReference; fileEncoding = 4; lastKnownFileType = sourcecode.swift; path = RoundedCornerButton.swift; sourceTree = "<group>"; };
		BFD9D86A1DF237220031D653 /* SocialMediaApp.app */ = {isa = PBXFileReference; explicitFileType = wrapper.application; includeInIndex = 0; path = SocialMediaApp.app; sourceTree = BUILT_PRODUCTS_DIR; };
		BFD9D86D1DF237220031D653 /* AppDelegate.swift */ = {isa = PBXFileReference; lastKnownFileType = sourcecode.swift; path = AppDelegate.swift; sourceTree = "<group>"; };
		BFD9D86F1DF237220031D653 /* SignInVC.swift */ = {isa = PBXFileReference; lastKnownFileType = sourcecode.swift; path = SignInVC.swift; sourceTree = "<group>"; };
		BFD9D8721DF237220031D653 /* Base */ = {isa = PBXFileReference; lastKnownFileType = file.storyboard; name = Base; path = Base.lproj/Main.storyboard; sourceTree = "<group>"; };
		BFD9D8741DF237220031D653 /* Assets.xcassets */ = {isa = PBXFileReference; lastKnownFileType = folder.assetcatalog; path = Assets.xcassets; sourceTree = "<group>"; };
		BFD9D8771DF237220031D653 /* Base */ = {isa = PBXFileReference; lastKnownFileType = file.storyboard; name = Base; path = Base.lproj/LaunchScreen.storyboard; sourceTree = "<group>"; };
		BFD9D8791DF237220031D653 /* Info.plist */ = {isa = PBXFileReference; lastKnownFileType = text.plist.xml; path = Info.plist; sourceTree = "<group>"; };
		BFD9D87E1DF237220031D653 /* SocialMediaAppTests.xctest */ = {isa = PBXFileReference; explicitFileType = wrapper.cfbundle; includeInIndex = 0; path = SocialMediaAppTests.xctest; sourceTree = BUILT_PRODUCTS_DIR; };
		BFD9D8821DF237220031D653 /* SocialMediaAppTests.swift */ = {isa = PBXFileReference; lastKnownFileType = sourcecode.swift; path = SocialMediaAppTests.swift; sourceTree = "<group>"; };
		BFD9D8841DF237220031D653 /* Info.plist */ = {isa = PBXFileReference; lastKnownFileType = text.plist.xml; path = Info.plist; sourceTree = "<group>"; };
		BFD9D8891DF237220031D653 /* SocialMediaAppUITests.xctest */ = {isa = PBXFileReference; explicitFileType = wrapper.cfbundle; includeInIndex = 0; path = SocialMediaAppUITests.xctest; sourceTree = BUILT_PRODUCTS_DIR; };
		BFD9D88D1DF237220031D653 /* SocialMediaAppUITests.swift */ = {isa = PBXFileReference; lastKnownFileType = sourcecode.swift; path = SocialMediaAppUITests.swift; sourceTree = "<group>"; };
		BFD9D88F1DF237220031D653 /* Info.plist */ = {isa = PBXFileReference; lastKnownFileType = text.plist.xml; path = Info.plist; sourceTree = "<group>"; };
/* End PBXFileReference section */

/* Begin PBXFrameworksBuildPhase section */
		BFD9D8671DF237220031D653 /* Frameworks */ = {
			isa = PBXFrameworksBuildPhase;
			buildActionMask = 2147483647;
			files = (
				009666290D0D4BF66203852B /* Pods_SocialMediaApp.framework in Frameworks */,
			);
			runOnlyForDeploymentPostprocessing = 0;
		};
		BFD9D87B1DF237220031D653 /* Frameworks */ = {
			isa = PBXFrameworksBuildPhase;
			buildActionMask = 2147483647;
			files = (
			);
			runOnlyForDeploymentPostprocessing = 0;
		};
		BFD9D8861DF237220031D653 /* Frameworks */ = {
			isa = PBXFrameworksBuildPhase;
			buildActionMask = 2147483647;
			files = (
			);
			runOnlyForDeploymentPostprocessing = 0;
		};
/* End PBXFrameworksBuildPhase section */

/* Begin PBXGroup section */
		BF6E08361DF245DC00B62DD0 /* Controller */ = {
			isa = PBXGroup;
			children = (
				BFD9D86F1DF237220031D653 /* SignInVC.swift */,
			);
			name = Controller;
			sourceTree = "<group>";
		};
		BF6E08371DF245E200B62DD0 /* View */ = {
			isa = PBXGroup;
			children = (
				BF8796831DF36E7900563245 /* ShadowView.swift */,
				BF8796871DF370FC00563245 /* RoundButton.swift */,
				BF8796891DF372DC00563245 /* CustomField.swift */,
				BF87968B1DF3745400563245 /* RoundedCornerButton.swift */,
			);
			name = View;
			sourceTree = "<group>";
		};
		BF6E08381DF245E600B62DD0 /* Model */ = {
			isa = PBXGroup;
			children = (
			);
			name = Model;
			sourceTree = "<group>";
		};
		BF6E08391DF245EC00B62DD0 /* Util */ = {
			isa = PBXGroup;
			children = (
				BFD9D86D1DF237220031D653 /* AppDelegate.swift */,
				BFD9D8791DF237220031D653 /* Info.plist */,
				BF6E08341DF243E800B62DD0 /* GoogleService-Info.plist */,
				BF8796851DF36EEA00563245 /* Constants.swift */,
			);
			name = Util;
			sourceTree = "<group>";
		};
		BFD9D8611DF237220031D653 = {
			isa = PBXGroup;
			children = (
				BFD9D86C1DF237220031D653 /* SocialMediaApp */,
				BFD9D8811DF237220031D653 /* SocialMediaAppTests */,
				BFD9D88C1DF237220031D653 /* SocialMediaAppUITests */,
				BFD9D86B1DF237220031D653 /* Products */,
				CD0B7DC12DDA584C4641F1B5 /* Pods */,
				FA2A815B292E540738096CA2 /* Frameworks */,
			);
			sourceTree = "<group>";
		};
		BFD9D86B1DF237220031D653 /* Products */ = {
			isa = PBXGroup;
			children = (
				BFD9D86A1DF237220031D653 /* SocialMediaApp.app */,
				BFD9D87E1DF237220031D653 /* SocialMediaAppTests.xctest */,
				BFD9D8891DF237220031D653 /* SocialMediaAppUITests.xctest */,
			);
			name = Products;
			sourceTree = "<group>";
		};
		BFD9D86C1DF237220031D653 /* SocialMediaApp */ = {
			isa = PBXGroup;
			children = (
				BF6E08391DF245EC00B62DD0 /* Util */,
				BF6E08381DF245E600B62DD0 /* Model */,
				BF6E08371DF245E200B62DD0 /* View */,
				BF6E08361DF245DC00B62DD0 /* Controller */,
				BFD9D8711DF237220031D653 /* Main.storyboard */,
				BFD9D8741DF237220031D653 /* Assets.xcassets */,
				BFD9D8761DF237220031D653 /* LaunchScreen.storyboard */,
			);
			path = SocialMediaApp;
			sourceTree = "<group>";
		};
		BFD9D8811DF237220031D653 /* SocialMediaAppTests */ = {
			isa = PBXGroup;
			children = (
				BFD9D8821DF237220031D653 /* SocialMediaAppTests.swift */,
				BFD9D8841DF237220031D653 /* Info.plist */,
			);
			path = SocialMediaAppTests;
			sourceTree = "<group>";
		};
		BFD9D88C1DF237220031D653 /* SocialMediaAppUITests */ = {
			isa = PBXGroup;
			children = (
				BFD9D88D1DF237220031D653 /* SocialMediaAppUITests.swift */,
				BFD9D88F1DF237220031D653 /* Info.plist */,
			);
			path = SocialMediaAppUITests;
			sourceTree = "<group>";
		};
		CD0B7DC12DDA584C4641F1B5 /* Pods */ = {
			isa = PBXGroup;
			children = (
				2FD87DF6DF71B81BD0B54AD5 /* Pods-SocialMediaApp.debug.xcconfig */,
				88FC9B3FAF5A22765899D7D1 /* Pods-SocialMediaApp.release.xcconfig */,
			);
			name = Pods;
			sourceTree = "<group>";
		};
		FA2A815B292E540738096CA2 /* Frameworks */ = {
			isa = PBXGroup;
			children = (
				1019181A15453E88B0F5450C /* Pods_SocialMediaApp.framework */,
			);
			name = Frameworks;
			sourceTree = "<group>";
		};
/* End PBXGroup section */

/* Begin PBXNativeTarget section */
		BFD9D8691DF237220031D653 /* SocialMediaApp */ = {
			isa = PBXNativeTarget;
			buildConfigurationList = BFD9D8921DF237220031D653 /* Build configuration list for PBXNativeTarget "SocialMediaApp" */;
			buildPhases = (
				B0CCD4B46BEB10331EC24125 /* [CP] Check Pods Manifest.lock */,
				BFD9D8661DF237220031D653 /* Sources */,
				BFD9D8671DF237220031D653 /* Frameworks */,
				BFD9D8681DF237220031D653 /* Resources */,
				ECB2807344FD203FEBEE1845 /* [CP] Embed Pods Frameworks */,
				6CFA4C6C00728040E73D308D /* [CP] Copy Pods Resources */,
			);
			buildRules = (
			);
			dependencies = (
			);
			name = SocialMediaApp;
			productName = SocialMediaApp;
			productReference = BFD9D86A1DF237220031D653 /* SocialMediaApp.app */;
			productType = "com.apple.product-type.application";
		};
		BFD9D87D1DF237220031D653 /* SocialMediaAppTests */ = {
			isa = PBXNativeTarget;
			buildConfigurationList = BFD9D8951DF237220031D653 /* Build configuration list for PBXNativeTarget "SocialMediaAppTests" */;
			buildPhases = (
				BFD9D87A1DF237220031D653 /* Sources */,
				BFD9D87B1DF237220031D653 /* Frameworks */,
				BFD9D87C1DF237220031D653 /* Resources */,
			);
			buildRules = (
			);
			dependencies = (
				BFD9D8801DF237220031D653 /* PBXTargetDependency */,
			);
			name = SocialMediaAppTests;
			productName = SocialMediaAppTests;
			productReference = BFD9D87E1DF237220031D653 /* SocialMediaAppTests.xctest */;
			productType = "com.apple.product-type.bundle.unit-test";
		};
		BFD9D8881DF237220031D653 /* SocialMediaAppUITests */ = {
			isa = PBXNativeTarget;
			buildConfigurationList = BFD9D8981DF237220031D653 /* Build configuration list for PBXNativeTarget "SocialMediaAppUITests" */;
			buildPhases = (
				BFD9D8851DF237220031D653 /* Sources */,
				BFD9D8861DF237220031D653 /* Frameworks */,
				BFD9D8871DF237220031D653 /* Resources */,
			);
			buildRules = (
			);
			dependencies = (
				BFD9D88B1DF237220031D653 /* PBXTargetDependency */,
			);
			name = SocialMediaAppUITests;
			productName = SocialMediaAppUITests;
			productReference = BFD9D8891DF237220031D653 /* SocialMediaAppUITests.xctest */;
			productType = "com.apple.product-type.bundle.ui-testing";
		};
/* End PBXNativeTarget section */

/* Begin PBXProject section */
		BFD9D8621DF237220031D653 /* Project object */ = {
			isa = PBXProject;
			attributes = {
				LastSwiftUpdateCheck = 0810;
				LastUpgradeCheck = 0810;
				ORGANIZATIONNAME = "Kyle Nakamura";
				TargetAttributes = {
					BFD9D8691DF237220031D653 = {
						CreatedOnToolsVersion = 8.1;
						DevelopmentTeam = 7GDSF452LB;
						ProvisioningStyle = Automatic;
					};
					BFD9D87D1DF237220031D653 = {
						CreatedOnToolsVersion = 8.1;
						DevelopmentTeam = 7GDSF452LB;
						ProvisioningStyle = Automatic;
						TestTargetID = BFD9D8691DF237220031D653;
					};
					BFD9D8881DF237220031D653 = {
						CreatedOnToolsVersion = 8.1;
						DevelopmentTeam = 7GDSF452LB;
						ProvisioningStyle = Automatic;
						TestTargetID = BFD9D8691DF237220031D653;
					};
				};
			};
			buildConfigurationList = BFD9D8651DF237220031D653 /* Build configuration list for PBXProject "SocialMediaApp" */;
			compatibilityVersion = "Xcode 3.2";
			developmentRegion = English;
			hasScannedForEncodings = 0;
			knownRegions = (
				en,
				Base,
			);
			mainGroup = BFD9D8611DF237220031D653;
			productRefGroup = BFD9D86B1DF237220031D653 /* Products */;
			projectDirPath = "";
			projectRoot = "";
			targets = (
				BFD9D8691DF237220031D653 /* SocialMediaApp */,
				BFD9D87D1DF237220031D653 /* SocialMediaAppTests */,
				BFD9D8881DF237220031D653 /* SocialMediaAppUITests */,
			);
		};
/* End PBXProject section */

/* Begin PBXResourcesBuildPhase section */
		BFD9D8681DF237220031D653 /* Resources */ = {
			isa = PBXResourcesBuildPhase;
			buildActionMask = 2147483647;
			files = (
				BFD9D8781DF237220031D653 /* LaunchScreen.storyboard in Resources */,
				BF6E08351DF243E800B62DD0 /* GoogleService-Info.plist in Resources */,
				BFD9D8751DF237220031D653 /* Assets.xcassets in Resources */,
				BFD9D8731DF237220031D653 /* Main.storyboard in Resources */,
			);
			runOnlyForDeploymentPostprocessing = 0;
		};
		BFD9D87C1DF237220031D653 /* Resources */ = {
			isa = PBXResourcesBuildPhase;
			buildActionMask = 2147483647;
			files = (
			);
			runOnlyForDeploymentPostprocessing = 0;
		};
		BFD9D8871DF237220031D653 /* Resources */ = {
			isa = PBXResourcesBuildPhase;
			buildActionMask = 2147483647;
			files = (
			);
			runOnlyForDeploymentPostprocessing = 0;
		};
/* End PBXResourcesBuildPhase section */

/* Begin PBXShellScriptBuildPhase section */
		6CFA4C6C00728040E73D308D /* [CP] Copy Pods Resources */ = {
			isa = PBXShellScriptBuildPhase;
			buildActionMask = 2147483647;
			files = (
			);
			inputPaths = (
			);
			name = "[CP] Copy Pods Resources";
			outputPaths = (
			);
			runOnlyForDeploymentPostprocessing = 0;
			shellPath = /bin/sh;
			shellScript = "\"${SRCROOT}/Pods/Target Support Files/Pods-SocialMediaApp/Pods-SocialMediaApp-resources.sh\"\n";
			showEnvVarsInLog = 0;
		};
		B0CCD4B46BEB10331EC24125 /* [CP] Check Pods Manifest.lock */ = {
			isa = PBXShellScriptBuildPhase;
			buildActionMask = 2147483647;
			files = (
			);
			inputPaths = (
			);
			name = "[CP] Check Pods Manifest.lock";
			outputPaths = (
			);
			runOnlyForDeploymentPostprocessing = 0;
			shellPath = /bin/sh;
			shellScript = "diff \"${PODS_ROOT}/../Podfile.lock\" \"${PODS_ROOT}/Manifest.lock\" > /dev/null\nif [ $? != 0 ] ; then\n    # print error to STDERR\n    echo \"error: The sandbox is not in sync with the Podfile.lock. Run 'pod install' or update your CocoaPods installation.\" >&2\n    exit 1\nfi\n";
			showEnvVarsInLog = 0;
		};
		ECB2807344FD203FEBEE1845 /* [CP] Embed Pods Frameworks */ = {
			isa = PBXShellScriptBuildPhase;
			buildActionMask = 2147483647;
			files = (
			);
			inputPaths = (
			);
			name = "[CP] Embed Pods Frameworks";
			outputPaths = (
			);
			runOnlyForDeploymentPostprocessing = 0;
			shellPath = /bin/sh;
			shellScript = "\"${SRCROOT}/Pods/Target Support Files/Pods-SocialMediaApp/Pods-SocialMediaApp-frameworks.sh\"\n";
			showEnvVarsInLog = 0;
		};
/* End PBXShellScriptBuildPhase section */

/* Begin PBXSourcesBuildPhase section */
		BFD9D8661DF237220031D653 /* Sources */ = {
			isa = PBXSourcesBuildPhase;
			buildActionMask = 2147483647;
			files = (
				BF8796841DF36E7900563245 /* ShadowView.swift in Sources */,
				BF8796881DF370FC00563245 /* RoundButton.swift in Sources */,
				BFD9D8701DF237220031D653 /* SignInVC.swift in Sources */,
				BF87968A1DF372DC00563245 /* CustomField.swift in Sources */,
				BF87968C1DF3745400563245 /* RoundedCornerButton.swift in Sources */,
				BFD9D86E1DF237220031D653 /* AppDelegate.swift in Sources */,
				BF8796861DF36EEA00563245 /* Constants.swift in Sources */,
			);
			runOnlyForDeploymentPostprocessing = 0;
		};
		BFD9D87A1DF237220031D653 /* Sources */ = {
			isa = PBXSourcesBuildPhase;
			buildActionMask = 2147483647;
			files = (
				BFD9D8831DF237220031D653 /* SocialMediaAppTests.swift in Sources */,
			);
			runOnlyForDeploymentPostprocessing = 0;
		};
		BFD9D8851DF237220031D653 /* Sources */ = {
			isa = PBXSourcesBuildPhase;
			buildActionMask = 2147483647;
			files = (
				BFD9D88E1DF237220031D653 /* SocialMediaAppUITests.swift in Sources */,
			);
			runOnlyForDeploymentPostprocessing = 0;
		};
/* End PBXSourcesBuildPhase section */

/* Begin PBXTargetDependency section */
		BFD9D8801DF237220031D653 /* PBXTargetDependency */ = {
			isa = PBXTargetDependency;
			target = BFD9D8691DF237220031D653 /* SocialMediaApp */;
			targetProxy = BFD9D87F1DF237220031D653 /* PBXContainerItemProxy */;
		};
		BFD9D88B1DF237220031D653 /* PBXTargetDependency */ = {
			isa = PBXTargetDependency;
			target = BFD9D8691DF237220031D653 /* SocialMediaApp */;
			targetProxy = BFD9D88A1DF237220031D653 /* PBXContainerItemProxy */;
		};
/* End PBXTargetDependency section */

/* Begin PBXVariantGroup section */
		BFD9D8711DF237220031D653 /* Main.storyboard */ = {
			isa = PBXVariantGroup;
			children = (
				BFD9D8721DF237220031D653 /* Base */,
			);
			name = Main.storyboard;
			sourceTree = "<group>";
		};
		BFD9D8761DF237220031D653 /* LaunchScreen.storyboard */ = {
			isa = PBXVariantGroup;
			children = (
				BFD9D8771DF237220031D653 /* Base */,
			);
			name = LaunchScreen.storyboard;
			sourceTree = "<group>";
		};
/* End PBXVariantGroup section */

/* Begin XCBuildConfiguration section */
		BFD9D8901DF237220031D653 /* Debug */ = {
			isa = XCBuildConfiguration;
			buildSettings = {
				ALWAYS_SEARCH_USER_PATHS = NO;
				CLANG_ANALYZER_NONNULL = YES;
				CLANG_CXX_LANGUAGE_STANDARD = "gnu++0x";
				CLANG_CXX_LIBRARY = "libc++";
				CLANG_ENABLE_MODULES = YES;
				CLANG_ENABLE_OBJC_ARC = YES;
				CLANG_WARN_BOOL_CONVERSION = YES;
				CLANG_WARN_CONSTANT_CONVERSION = YES;
				CLANG_WARN_DIRECT_OBJC_ISA_USAGE = YES_ERROR;
				CLANG_WARN_DOCUMENTATION_COMMENTS = YES;
				CLANG_WARN_EMPTY_BODY = YES;
				CLANG_WARN_ENUM_CONVERSION = YES;
				CLANG_WARN_INFINITE_RECURSION = YES;
				CLANG_WARN_INT_CONVERSION = YES;
				CLANG_WARN_OBJC_ROOT_CLASS = YES_ERROR;
				CLANG_WARN_SUSPICIOUS_MOVES = YES;
				CLANG_WARN_UNREACHABLE_CODE = YES;
				CLANG_WARN__DUPLICATE_METHOD_MATCH = YES;
				"CODE_SIGN_IDENTITY[sdk=iphoneos*]" = "iPhone Developer";
				COPY_PHASE_STRIP = NO;
				DEBUG_INFORMATION_FORMAT = dwarf;
				ENABLE_STRICT_OBJC_MSGSEND = YES;
				ENABLE_TESTABILITY = YES;
				GCC_C_LANGUAGE_STANDARD = gnu99;
				GCC_DYNAMIC_NO_PIC = NO;
				GCC_NO_COMMON_BLOCKS = YES;
				GCC_OPTIMIZATION_LEVEL = 0;
				GCC_PREPROCESSOR_DEFINITIONS = (
					"DEBUG=1",
					"$(inherited)",
				);
				GCC_WARN_64_TO_32_BIT_CONVERSION = YES;
				GCC_WARN_ABOUT_RETURN_TYPE = YES_ERROR;
				GCC_WARN_UNDECLARED_SELECTOR = YES;
				GCC_WARN_UNINITIALIZED_AUTOS = YES_AGGRESSIVE;
				GCC_WARN_UNUSED_FUNCTION = YES;
				GCC_WARN_UNUSED_VARIABLE = YES;
				IPHONEOS_DEPLOYMENT_TARGET = 10.1;
				MTL_ENABLE_DEBUG_INFO = YES;
				ONLY_ACTIVE_ARCH = YES;
				SDKROOT = iphoneos;
				SWIFT_ACTIVE_COMPILATION_CONDITIONS = DEBUG;
				SWIFT_OPTIMIZATION_LEVEL = "-Onone";
				TARGETED_DEVICE_FAMILY = "1,2";
			};
			name = Debug;
		};
		BFD9D8911DF237220031D653 /* Release */ = {
			isa = XCBuildConfiguration;
			buildSettings = {
				ALWAYS_SEARCH_USER_PATHS = NO;
				CLANG_ANALYZER_NONNULL = YES;
				CLANG_CXX_LANGUAGE_STANDARD = "gnu++0x";
				CLANG_CXX_LIBRARY = "libc++";
				CLANG_ENABLE_MODULES = YES;
				CLANG_ENABLE_OBJC_ARC = YES;
				CLANG_WARN_BOOL_CONVERSION = YES;
				CLANG_WARN_CONSTANT_CONVERSION = YES;
				CLANG_WARN_DIRECT_OBJC_ISA_USAGE = YES_ERROR;
				CLANG_WARN_DOCUMENTATION_COMMENTS = YES;
				CLANG_WARN_EMPTY_BODY = YES;
				CLANG_WARN_ENUM_CONVERSION = YES;
				CLANG_WARN_INFINITE_RECURSION = YES;
				CLANG_WARN_INT_CONVERSION = YES;
				CLANG_WARN_OBJC_ROOT_CLASS = YES_ERROR;
				CLANG_WARN_SUSPICIOUS_MOVES = YES;
				CLANG_WARN_UNREACHABLE_CODE = YES;
				CLANG_WARN__DUPLICATE_METHOD_MATCH = YES;
				"CODE_SIGN_IDENTITY[sdk=iphoneos*]" = "iPhone Developer";
				COPY_PHASE_STRIP = NO;
				DEBUG_INFORMATION_FORMAT = "dwarf-with-dsym";
				ENABLE_NS_ASSERTIONS = NO;
				ENABLE_STRICT_OBJC_MSGSEND = YES;
				GCC_C_LANGUAGE_STANDARD = gnu99;
				GCC_NO_COMMON_BLOCKS = YES;
				GCC_WARN_64_TO_32_BIT_CONVERSION = YES;
				GCC_WARN_ABOUT_RETURN_TYPE = YES_ERROR;
				GCC_WARN_UNDECLARED_SELECTOR = YES;
				GCC_WARN_UNINITIALIZED_AUTOS = YES_AGGRESSIVE;
				GCC_WARN_UNUSED_FUNCTION = YES;
				GCC_WARN_UNUSED_VARIABLE = YES;
				IPHONEOS_DEPLOYMENT_TARGET = 10.1;
				MTL_ENABLE_DEBUG_INFO = NO;
				SDKROOT = iphoneos;
				SWIFT_OPTIMIZATION_LEVEL = "-Owholemodule";
				TARGETED_DEVICE_FAMILY = "1,2";
				VALIDATE_PRODUCT = YES;
			};
			name = Release;
		};
		BFD9D8931DF237220031D653 /* Debug */ = {
			isa = XCBuildConfiguration;
			baseConfigurationReference = 2FD87DF6DF71B81BD0B54AD5 /* Pods-SocialMediaApp.debug.xcconfig */;
			buildSettings = {
				ASSETCATALOG_COMPILER_APPICON_NAME = AppIcon;
				DEVELOPMENT_TEAM = 7GDSF452LB;
				INFOPLIST_FILE = SocialMediaApp/Info.plist;
				LD_RUNPATH_SEARCH_PATHS = "$(inherited) @executable_path/Frameworks";
				PRODUCT_BUNDLE_IDENTIFIER = com.kylenakamura.SocialMediaApp;
				PRODUCT_NAME = "$(TARGET_NAME)";
				SWIFT_VERSION = 3.0;
			};
			name = Debug;
		};
		BFD9D8941DF237220031D653 /* Release */ = {
			isa = XCBuildConfiguration;
			baseConfigurationReference = 88FC9B3FAF5A22765899D7D1 /* Pods-SocialMediaApp.release.xcconfig */;
			buildSettings = {
				ASSETCATALOG_COMPILER_APPICON_NAME = AppIcon;
				DEVELOPMENT_TEAM = 7GDSF452LB;
				INFOPLIST_FILE = SocialMediaApp/Info.plist;
				LD_RUNPATH_SEARCH_PATHS = "$(inherited) @executable_path/Frameworks";
				PRODUCT_BUNDLE_IDENTIFIER = com.kylenakamura.SocialMediaApp;
				PRODUCT_NAME = "$(TARGET_NAME)";
				SWIFT_VERSION = 3.0;
			};
			name = Release;
		};
		BFD9D8961DF237220031D653 /* Debug */ = {
			isa = XCBuildConfiguration;
			buildSettings = {
				ALWAYS_EMBED_SWIFT_STANDARD_LIBRARIES = YES;
				BUNDLE_LOADER = "$(TEST_HOST)";
				DEVELOPMENT_TEAM = 7GDSF452LB;
				INFOPLIST_FILE = SocialMediaAppTests/Info.plist;
				LD_RUNPATH_SEARCH_PATHS = "$(inherited) @executable_path/Frameworks @loader_path/Frameworks";
				PRODUCT_BUNDLE_IDENTIFIER = com.kylenakamura.SocialMediaAppTests;
				PRODUCT_NAME = "$(TARGET_NAME)";
				SWIFT_VERSION = 3.0;
				TEST_HOST = "$(BUILT_PRODUCTS_DIR)/SocialMediaApp.app/SocialMediaApp";
			};
			name = Debug;
		};
		BFD9D8971DF237220031D653 /* Release */ = {
			isa = XCBuildConfiguration;
			buildSettings = {
				ALWAYS_EMBED_SWIFT_STANDARD_LIBRARIES = YES;
				BUNDLE_LOADER = "$(TEST_HOST)";
				DEVELOPMENT_TEAM = 7GDSF452LB;
				INFOPLIST_FILE = SocialMediaAppTests/Info.plist;
				LD_RUNPATH_SEARCH_PATHS = "$(inherited) @executable_path/Frameworks @loader_path/Frameworks";
				PRODUCT_BUNDLE_IDENTIFIER = com.kylenakamura.SocialMediaAppTests;
				PRODUCT_NAME = "$(TARGET_NAME)";
				SWIFT_VERSION = 3.0;
				TEST_HOST = "$(BUILT_PRODUCTS_DIR)/SocialMediaApp.app/SocialMediaApp";
			};
			name = Release;
		};
		BFD9D8991DF237220031D653 /* Debug */ = {
			isa = XCBuildConfiguration;
			buildSettings = {
				ALWAYS_EMBED_SWIFT_STANDARD_LIBRARIES = YES;
				DEVELOPMENT_TEAM = 7GDSF452LB;
				INFOPLIST_FILE = SocialMediaAppUITests/Info.plist;
				LD_RUNPATH_SEARCH_PATHS = "$(inherited) @executable_path/Frameworks @loader_path/Frameworks";
				PRODUCT_BUNDLE_IDENTIFIER = com.kylenakamura.SocialMediaAppUITests;
				PRODUCT_NAME = "$(TARGET_NAME)";
				SWIFT_VERSION = 3.0;
				TEST_TARGET_NAME = SocialMediaApp;
			};
			name = Debug;
		};
		BFD9D89A1DF237220031D653 /* Release */ = {
			isa = XCBuildConfiguration;
			buildSettings = {
				ALWAYS_EMBED_SWIFT_STANDARD_LIBRARIES = YES;
				DEVELOPMENT_TEAM = 7GDSF452LB;
				INFOPLIST_FILE = SocialMediaAppUITests/Info.plist;
				LD_RUNPATH_SEARCH_PATHS = "$(inherited) @executable_path/Frameworks @loader_path/Frameworks";
				PRODUCT_BUNDLE_IDENTIFIER = com.kylenakamura.SocialMediaAppUITests;
				PRODUCT_NAME = "$(TARGET_NAME)";
				SWIFT_VERSION = 3.0;
				TEST_TARGET_NAME = SocialMediaApp;
			};
			name = Release;
		};
/* End XCBuildConfiguration section */

/* Begin XCConfigurationList section */
		BFD9D8651DF237220031D653 /* Build configuration list for PBXProject "SocialMediaApp" */ = {
			isa = XCConfigurationList;
			buildConfigurations = (
				BFD9D8901DF237220031D653 /* Debug */,
				BFD9D8911DF237220031D653 /* Release */,
			);
			defaultConfigurationIsVisible = 0;
			defaultConfigurationName = Release;
		};
		BFD9D8921DF237220031D653 /* Build configuration list for PBXNativeTarget "SocialMediaApp" */ = {
			isa = XCConfigurationList;
			buildConfigurations = (
				BFD9D8931DF237220031D653 /* Debug */,
				BFD9D8941DF237220031D653 /* Release */,
			);
			defaultConfigurationIsVisible = 0;
			defaultConfigurationName = Release;
		};
		BFD9D8951DF237220031D653 /* Build configuration list for PBXNativeTarget "SocialMediaAppTests" */ = {
			isa = XCConfigurationList;
			buildConfigurations = (
				BFD9D8961DF237220031D653 /* Debug */,
				BFD9D8971DF237220031D653 /* Release */,
			);
			defaultConfigurationIsVisible = 0;
			defaultConfigurationName = Release;
		};
		BFD9D8981DF237220031D653 /* Build configuration list for PBXNativeTarget "SocialMediaAppUITests" */ = {
			isa = XCConfigurationList;
			buildConfigurations = (
				BFD9D8991DF237220031D653 /* Debug */,
				BFD9D89A1DF237220031D653 /* Release */,
			);
			defaultConfigurationIsVisible = 0;
			defaultConfigurationName = Release;
		};
/* End XCConfigurationList section */
	};
	rootObject = BFD9D8621DF237220031D653 /* Project object */;
}
